// !$*UTF8*$!
{
	archiveVersion = 1;
	classes = {
	};
	objectVersion = 50;
	objects = {

/* Begin PBXBuildFile section */
		8022B1152613CD9F004A5623 /* ModelData.swift in Sources */ = {isa = PBXBuildFile; fileRef = 8022B1142613CD9F004A5623 /* ModelData.swift */; };
		8022B1192613CDDD004A5623 /* Chef.swift in Sources */ = {isa = PBXBuildFile; fileRef = 8022B1182613CDDD004A5623 /* Chef.swift */; };
		8022B11C2613CE08004A5623 /* Recipe.swift in Sources */ = {isa = PBXBuildFile; fileRef = 8022B11B2613CE08004A5623 /* Recipe.swift */; };
		804572B72613ACB6004EF029 /* FeedView.swift in Sources */ = {isa = PBXBuildFile; fileRef = 804572B62613ACB6004EF029 /* FeedView.swift */; };
		804572BE2613B0E6004EF029 /* AgendaView.swift in Sources */ = {isa = PBXBuildFile; fileRef = 804572BD2613B0E6004EF029 /* AgendaView.swift */; };
		804572C12613B0F6004EF029 /* ProfileView.swift in Sources */ = {isa = PBXBuildFile; fileRef = 804572C02613B0F6004EF029 /* ProfileView.swift */; };
		804572C42613B162004EF029 /* ChefsView.swift in Sources */ = {isa = PBXBuildFile; fileRef = 804572C32613B162004EF029 /* ChefsView.swift */; };
		8074024E2613D36B00F21467 /* data.json in Resources */ = {isa = PBXBuildFile; fileRef = 8074024D2613D36B00F21467 /* data.json */; };
		80F5CF70261258C500C547B9 /* MasterChefClassApp.swift in Sources */ = {isa = PBXBuildFile; fileRef = 80F5CF6F261258C500C547B9 /* MasterChefClassApp.swift */; };
		80F5CF72261258C500C547B9 /* ContentView.swift in Sources */ = {isa = PBXBuildFile; fileRef = 80F5CF71261258C500C547B9 /* ContentView.swift */; };
		80F5CF74261258C800C547B9 /* Assets.xcassets in Resources */ = {isa = PBXBuildFile; fileRef = 80F5CF73261258C800C547B9 /* Assets.xcassets */; };
		80F5CF77261258C800C547B9 /* Preview Assets.xcassets in Resources */ = {isa = PBXBuildFile; fileRef = 80F5CF76261258C800C547B9 /* Preview Assets.xcassets */; };
<<<<<<< HEAD
		FA46AB19261B88B500786643 /* SearchBarView.swift in Sources */ = {isa = PBXBuildFile; fileRef = FA46AB18261B88B500786643 /* SearchBarView.swift */; };
		FA46AB1C261BFFC400786643 /* ChefsHeaderView.swift in Sources */ = {isa = PBXBuildFile; fileRef = FA46AB1B261BFFC400786643 /* ChefsHeaderView.swift */; };
		FA46AB21261C05B800786643 /* RecipeList.swift in Sources */ = {isa = PBXBuildFile; fileRef = FA46AB20261C05B800786643 /* RecipeList.swift */; };
		FAE477DB2614FCF20096C7BD /* RecipesView.swift in Sources */ = {isa = PBXBuildFile; fileRef = FAE477DA2614FCF20096C7BD /* RecipesView.swift */; };
		FAE477DE26150DB80096C7BD /* RecipeListCell.swift in Sources */ = {isa = PBXBuildFile; fileRef = FAE477DD26150DB80096C7BD /* RecipeListCell.swift */; };
=======
		E049D219261B7432003E9E23 /* Events.swift in Sources */ = {isa = PBXBuildFile; fileRef = E049D218261B7432003E9E23 /* Events.swift */; };
		E049D21D261BA199003E9E23 /* AgendaButtonsView.swift in Sources */ = {isa = PBXBuildFile; fileRef = E049D21C261BA199003E9E23 /* AgendaButtonsView.swift */; };
		E0B8F6992614E1D300A13B5B /* PageTabOnboardingView.swift in Sources */ = {isa = PBXBuildFile; fileRef = E0B8F6982614E1D300A13B5B /* PageTabOnboardingView.swift */; };
		E0B8F69C2614E27400A13B5B /* AnimatedBackgroundView.swift in Sources */ = {isa = PBXBuildFile; fileRef = E0B8F69B2614E27400A13B5B /* AnimatedBackgroundView.swift */; };
		E0B8F69F2614E49800A13B5B /* WalkthroughView.swift in Sources */ = {isa = PBXBuildFile; fileRef = E0B8F69E2614E49800A13B5B /* WalkthroughView.swift */; };
		E0B8F6A22614E92B00A13B5B /* TabDetailsOnboarding.swift in Sources */ = {isa = PBXBuildFile; fileRef = E0B8F6A12614E92B00A13B5B /* TabDetailsOnboarding.swift */; };
		E0B8F6A92614F9D300A13B5B /* Onboarding.swift in Sources */ = {isa = PBXBuildFile; fileRef = E0B8F6A82614F9D300A13B5B /* Onboarding.swift */; };
		E0B8F6BA2616AF4900A13B5B /* ButtonsOnboardingView.swift in Sources */ = {isa = PBXBuildFile; fileRef = E0B8F6B92616AF4900A13B5B /* ButtonsOnboardingView.swift */; };
>>>>>>> 35839c7... Onboarding screens with animation and AgendaView did finished.
/* End PBXBuildFile section */

/* Begin PBXFileReference section */
		8022B1142613CD9F004A5623 /* ModelData.swift */ = {isa = PBXFileReference; lastKnownFileType = sourcecode.swift; path = ModelData.swift; sourceTree = "<group>"; };
		8022B1182613CDDD004A5623 /* Chef.swift */ = {isa = PBXFileReference; lastKnownFileType = sourcecode.swift; path = Chef.swift; sourceTree = "<group>"; };
		8022B11B2613CE08004A5623 /* Recipe.swift */ = {isa = PBXFileReference; lastKnownFileType = sourcecode.swift; path = Recipe.swift; sourceTree = "<group>"; };
		804572B62613ACB6004EF029 /* FeedView.swift */ = {isa = PBXFileReference; lastKnownFileType = sourcecode.swift; path = FeedView.swift; sourceTree = "<group>"; };
		804572BD2613B0E6004EF029 /* AgendaView.swift */ = {isa = PBXFileReference; lastKnownFileType = sourcecode.swift; path = AgendaView.swift; sourceTree = "<group>"; };
		804572C02613B0F6004EF029 /* ProfileView.swift */ = {isa = PBXFileReference; lastKnownFileType = sourcecode.swift; path = ProfileView.swift; sourceTree = "<group>"; };
		804572C32613B162004EF029 /* ChefsView.swift */ = {isa = PBXFileReference; lastKnownFileType = sourcecode.swift; path = ChefsView.swift; sourceTree = "<group>"; };
		8074024D2613D36B00F21467 /* data.json */ = {isa = PBXFileReference; fileEncoding = 4; lastKnownFileType = text.json; path = data.json; sourceTree = "<group>"; };
		80F5CF6C261258C500C547B9 /* MasterChefClass.app */ = {isa = PBXFileReference; explicitFileType = wrapper.application; includeInIndex = 0; path = MasterChefClass.app; sourceTree = BUILT_PRODUCTS_DIR; };
		80F5CF6F261258C500C547B9 /* MasterChefClassApp.swift */ = {isa = PBXFileReference; lastKnownFileType = sourcecode.swift; path = MasterChefClassApp.swift; sourceTree = "<group>"; };
		80F5CF71261258C500C547B9 /* ContentView.swift */ = {isa = PBXFileReference; lastKnownFileType = sourcecode.swift; path = ContentView.swift; sourceTree = "<group>"; };
		80F5CF73261258C800C547B9 /* Assets.xcassets */ = {isa = PBXFileReference; lastKnownFileType = folder.assetcatalog; path = Assets.xcassets; sourceTree = "<group>"; };
		80F5CF76261258C800C547B9 /* Preview Assets.xcassets */ = {isa = PBXFileReference; lastKnownFileType = folder.assetcatalog; path = "Preview Assets.xcassets"; sourceTree = "<group>"; };
		80F5CF78261258C800C547B9 /* Info.plist */ = {isa = PBXFileReference; lastKnownFileType = text.plist.xml; path = Info.plist; sourceTree = "<group>"; };
<<<<<<< HEAD
		FA46AB18261B88B500786643 /* SearchBarView.swift */ = {isa = PBXFileReference; lastKnownFileType = sourcecode.swift; path = SearchBarView.swift; sourceTree = "<group>"; };
		FA46AB1B261BFFC400786643 /* ChefsHeaderView.swift */ = {isa = PBXFileReference; lastKnownFileType = sourcecode.swift; path = ChefsHeaderView.swift; sourceTree = "<group>"; };
		FA46AB20261C05B800786643 /* RecipeList.swift */ = {isa = PBXFileReference; lastKnownFileType = sourcecode.swift; path = RecipeList.swift; sourceTree = "<group>"; };
		FAE477DA2614FCF20096C7BD /* RecipesView.swift */ = {isa = PBXFileReference; lastKnownFileType = sourcecode.swift; path = RecipesView.swift; sourceTree = "<group>"; };
		FAE477DD26150DB80096C7BD /* RecipeListCell.swift */ = {isa = PBXFileReference; lastKnownFileType = sourcecode.swift; path = RecipeListCell.swift; sourceTree = "<group>"; };
=======
		E049D218261B7432003E9E23 /* Events.swift */ = {isa = PBXFileReference; lastKnownFileType = sourcecode.swift; path = Events.swift; sourceTree = "<group>"; };
		E049D21C261BA199003E9E23 /* AgendaButtonsView.swift */ = {isa = PBXFileReference; lastKnownFileType = sourcecode.swift; path = AgendaButtonsView.swift; sourceTree = "<group>"; };
		E0B8F6982614E1D300A13B5B /* PageTabOnboardingView.swift */ = {isa = PBXFileReference; lastKnownFileType = sourcecode.swift; path = PageTabOnboardingView.swift; sourceTree = "<group>"; };
		E0B8F69B2614E27400A13B5B /* AnimatedBackgroundView.swift */ = {isa = PBXFileReference; lastKnownFileType = sourcecode.swift; path = AnimatedBackgroundView.swift; sourceTree = "<group>"; };
		E0B8F69E2614E49800A13B5B /* WalkthroughView.swift */ = {isa = PBXFileReference; lastKnownFileType = sourcecode.swift; path = WalkthroughView.swift; sourceTree = "<group>"; };
		E0B8F6A12614E92B00A13B5B /* TabDetailsOnboarding.swift */ = {isa = PBXFileReference; lastKnownFileType = sourcecode.swift; path = TabDetailsOnboarding.swift; sourceTree = "<group>"; };
		E0B8F6A82614F9D300A13B5B /* Onboarding.swift */ = {isa = PBXFileReference; lastKnownFileType = sourcecode.swift; path = Onboarding.swift; sourceTree = "<group>"; };
		E0B8F6B92616AF4900A13B5B /* ButtonsOnboardingView.swift */ = {isa = PBXFileReference; lastKnownFileType = sourcecode.swift; path = ButtonsOnboardingView.swift; sourceTree = "<group>"; };
>>>>>>> 35839c7... Onboarding screens with animation and AgendaView did finished.
/* End PBXFileReference section */

/* Begin PBXFrameworksBuildPhase section */
		80F5CF69261258C500C547B9 /* Frameworks */ = {
			isa = PBXFrameworksBuildPhase;
			buildActionMask = 2147483647;
			files = (
			);
			runOnlyForDeploymentPostprocessing = 0;
		};
/* End PBXFrameworksBuildPhase section */

/* Begin PBXGroup section */
		8022B1122613CD42004A5623 /* Resources */ = {
			isa = PBXGroup;
			children = (
				8074024D2613D36B00F21467 /* data.json */,
			);
			path = Resources;
			sourceTree = "<group>";
		};
		8022B1132613CD74004A5623 /* Model */ = {
			isa = PBXGroup;
			children = (
				8022B1142613CD9F004A5623 /* ModelData.swift */,
				8022B1182613CDDD004A5623 /* Chef.swift */,
				8022B11B2613CE08004A5623 /* Recipe.swift */,
				E0B8F6A82614F9D300A13B5B /* Onboarding.swift */,
				E049D218261B7432003E9E23 /* Events.swift */,
			);
			path = Model;
			sourceTree = "<group>";
		};
		804572B92613AD23004EF029 /* View */ = {
			isa = PBXGroup;
			children = (
				80F5CF71261258C500C547B9 /* ContentView.swift */,
				804572B62613ACB6004EF029 /* FeedView.swift */,
				E049D21F261BA1AC003E9E23 /* Agenda */,
				804572C02613B0F6004EF029 /* ProfileView.swift */,
				804572C32613B162004EF029 /* ChefsView.swift */,
				FAE477DA2614FCF20096C7BD /* RecipesView.swift */,
				FA46AB18261B88B500786643 /* SearchBarView.swift */,
				FA46AB1B261BFFC400786643 /* ChefsHeaderView.swift */,
				FAE477DD26150DB80096C7BD /* RecipeListCell.swift */,
				FA46AB20261C05B800786643 /* RecipeList.swift */,
			);
			path = View;
			sourceTree = "<group>";
		};
		80F5CF63261258C500C547B9 = {
			isa = PBXGroup;
			children = (
				80F5CF6E261258C500C547B9 /* MasterChefClass */,
				80F5CF6D261258C500C547B9 /* Products */,
			);
			sourceTree = "<group>";
		};
		80F5CF6D261258C500C547B9 /* Products */ = {
			isa = PBXGroup;
			children = (
				80F5CF6C261258C500C547B9 /* MasterChefClass.app */,
			);
			name = Products;
			sourceTree = "<group>";
		};
		80F5CF6E261258C500C547B9 /* MasterChefClass */ = {
			isa = PBXGroup;
			children = (
				E0B8F6972614E1AA00A13B5B /* Onboarding */,
				8022B1132613CD74004A5623 /* Model */,
				8022B1122613CD42004A5623 /* Resources */,
				804572B92613AD23004EF029 /* View */,
				80F5CF6F261258C500C547B9 /* MasterChefClassApp.swift */,
				80F5CF73261258C800C547B9 /* Assets.xcassets */,
				80F5CF78261258C800C547B9 /* Info.plist */,
				80F5CF75261258C800C547B9 /* Preview Content */,
			);
			path = MasterChefClass;
			sourceTree = "<group>";
		};
		80F5CF75261258C800C547B9 /* Preview Content */ = {
			isa = PBXGroup;
			children = (
				80F5CF76261258C800C547B9 /* Preview Assets.xcassets */,
			);
			path = "Preview Content";
			sourceTree = "<group>";
		};
		E049D21F261BA1AC003E9E23 /* Agenda */ = {
			isa = PBXGroup;
			children = (
				804572BD2613B0E6004EF029 /* AgendaView.swift */,
				E049D21C261BA199003E9E23 /* AgendaButtonsView.swift */,
			);
			name = Agenda;
			sourceTree = "<group>";
		};
		E0B8F6972614E1AA00A13B5B /* Onboarding */ = {
			isa = PBXGroup;
			children = (
				E0B8F6982614E1D300A13B5B /* PageTabOnboardingView.swift */,
				E0B8F6B92616AF4900A13B5B /* ButtonsOnboardingView.swift */,
				E0B8F6A12614E92B00A13B5B /* TabDetailsOnboarding.swift */,
				E0B8F69B2614E27400A13B5B /* AnimatedBackgroundView.swift */,
				E0B8F69E2614E49800A13B5B /* WalkthroughView.swift */,
			);
			path = Onboarding;
			sourceTree = "<group>";
		};
/* End PBXGroup section */

/* Begin PBXNativeTarget section */
		80F5CF6B261258C500C547B9 /* MasterChefClass */ = {
			isa = PBXNativeTarget;
			buildConfigurationList = 80F5CF7B261258C800C547B9 /* Build configuration list for PBXNativeTarget "MasterChefClass" */;
			buildPhases = (
				80F5CF68261258C500C547B9 /* Sources */,
				80F5CF69261258C500C547B9 /* Frameworks */,
				80F5CF6A261258C500C547B9 /* Resources */,
			);
			buildRules = (
			);
			dependencies = (
			);
			name = MasterChefClass;
			productName = MasterChefClass;
			productReference = 80F5CF6C261258C500C547B9 /* MasterChefClass.app */;
			productType = "com.apple.product-type.application";
		};
/* End PBXNativeTarget section */

/* Begin PBXProject section */
		80F5CF64261258C500C547B9 /* Project object */ = {
			isa = PBXProject;
			attributes = {
				LastSwiftUpdateCheck = 1240;
				LastUpgradeCheck = 1240;
				TargetAttributes = {
					80F5CF6B261258C500C547B9 = {
						CreatedOnToolsVersion = 12.4;
					};
				};
			};
			buildConfigurationList = 80F5CF67261258C500C547B9 /* Build configuration list for PBXProject "MasterChefClass" */;
			compatibilityVersion = "Xcode 9.3";
			developmentRegion = en;
			hasScannedForEncodings = 0;
			knownRegions = (
				en,
				Base,
			);
			mainGroup = 80F5CF63261258C500C547B9;
			productRefGroup = 80F5CF6D261258C500C547B9 /* Products */;
			projectDirPath = "";
			projectRoot = "";
			targets = (
				80F5CF6B261258C500C547B9 /* MasterChefClass */,
			);
		};
/* End PBXProject section */

/* Begin PBXResourcesBuildPhase section */
		80F5CF6A261258C500C547B9 /* Resources */ = {
			isa = PBXResourcesBuildPhase;
			buildActionMask = 2147483647;
			files = (
				80F5CF77261258C800C547B9 /* Preview Assets.xcassets in Resources */,
				8074024E2613D36B00F21467 /* data.json in Resources */,
				80F5CF74261258C800C547B9 /* Assets.xcassets in Resources */,
			);
			runOnlyForDeploymentPostprocessing = 0;
		};
/* End PBXResourcesBuildPhase section */

/* Begin PBXSourcesBuildPhase section */
		80F5CF68261258C500C547B9 /* Sources */ = {
			isa = PBXSourcesBuildPhase;
			buildActionMask = 2147483647;
			files = (
				E0B8F6A22614E92B00A13B5B /* TabDetailsOnboarding.swift in Sources */,
				E0B8F6992614E1D300A13B5B /* PageTabOnboardingView.swift in Sources */,
				804572C42613B162004EF029 /* ChefsView.swift in Sources */,
				804572B72613ACB6004EF029 /* FeedView.swift in Sources */,
				FAE477DB2614FCF20096C7BD /* RecipesView.swift in Sources */,
				80F5CF72261258C500C547B9 /* ContentView.swift in Sources */,
				FA46AB19261B88B500786643 /* SearchBarView.swift in Sources */,
				FAE477DE26150DB80096C7BD /* RecipeListCell.swift in Sources */,
				8022B1192613CDDD004A5623 /* Chef.swift in Sources */,
				E0B8F69C2614E27400A13B5B /* AnimatedBackgroundView.swift in Sources */,
				804572C12613B0F6004EF029 /* ProfileView.swift in Sources */,
				E049D21D261BA199003E9E23 /* AgendaButtonsView.swift in Sources */,
				804572BE2613B0E6004EF029 /* AgendaView.swift in Sources */,
				E0B8F6BA2616AF4900A13B5B /* ButtonsOnboardingView.swift in Sources */,
				8022B11C2613CE08004A5623 /* Recipe.swift in Sources */,
				E0B8F6A92614F9D300A13B5B /* Onboarding.swift in Sources */,
				E049D219261B7432003E9E23 /* Events.swift in Sources */,
				80F5CF70261258C500C547B9 /* MasterChefClassApp.swift in Sources */,
				FA46AB21261C05B800786643 /* RecipeList.swift in Sources */,
				8022B1152613CD9F004A5623 /* ModelData.swift in Sources */,
<<<<<<< HEAD
				FA46AB1C261BFFC400786643 /* ChefsHeaderView.swift in Sources */,
=======
				E0B8F69F2614E49800A13B5B /* WalkthroughView.swift in Sources */,
>>>>>>> 35839c7... Onboarding screens with animation and AgendaView did finished.
			);
			runOnlyForDeploymentPostprocessing = 0;
		};
/* End PBXSourcesBuildPhase section */

/* Begin XCBuildConfiguration section */
		80F5CF79261258C800C547B9 /* Debug */ = {
			isa = XCBuildConfiguration;
			buildSettings = {
				ALWAYS_SEARCH_USER_PATHS = NO;
				CLANG_ANALYZER_NONNULL = YES;
				CLANG_ANALYZER_NUMBER_OBJECT_CONVERSION = YES_AGGRESSIVE;
				CLANG_CXX_LANGUAGE_STANDARD = "gnu++14";
				CLANG_CXX_LIBRARY = "libc++";
				CLANG_ENABLE_MODULES = YES;
				CLANG_ENABLE_OBJC_ARC = YES;
				CLANG_ENABLE_OBJC_WEAK = YES;
				CLANG_WARN_BLOCK_CAPTURE_AUTORELEASING = YES;
				CLANG_WARN_BOOL_CONVERSION = YES;
				CLANG_WARN_COMMA = YES;
				CLANG_WARN_CONSTANT_CONVERSION = YES;
				CLANG_WARN_DEPRECATED_OBJC_IMPLEMENTATIONS = YES;
				CLANG_WARN_DIRECT_OBJC_ISA_USAGE = YES_ERROR;
				CLANG_WARN_DOCUMENTATION_COMMENTS = YES;
				CLANG_WARN_EMPTY_BODY = YES;
				CLANG_WARN_ENUM_CONVERSION = YES;
				CLANG_WARN_INFINITE_RECURSION = YES;
				CLANG_WARN_INT_CONVERSION = YES;
				CLANG_WARN_NON_LITERAL_NULL_CONVERSION = YES;
				CLANG_WARN_OBJC_IMPLICIT_RETAIN_SELF = YES;
				CLANG_WARN_OBJC_LITERAL_CONVERSION = YES;
				CLANG_WARN_OBJC_ROOT_CLASS = YES_ERROR;
				CLANG_WARN_QUOTED_INCLUDE_IN_FRAMEWORK_HEADER = YES;
				CLANG_WARN_RANGE_LOOP_ANALYSIS = YES;
				CLANG_WARN_STRICT_PROTOTYPES = YES;
				CLANG_WARN_SUSPICIOUS_MOVE = YES;
				CLANG_WARN_UNGUARDED_AVAILABILITY = YES_AGGRESSIVE;
				CLANG_WARN_UNREACHABLE_CODE = YES;
				CLANG_WARN__DUPLICATE_METHOD_MATCH = YES;
				COPY_PHASE_STRIP = NO;
				DEBUG_INFORMATION_FORMAT = dwarf;
				ENABLE_STRICT_OBJC_MSGSEND = YES;
				ENABLE_TESTABILITY = YES;
				GCC_C_LANGUAGE_STANDARD = gnu11;
				GCC_DYNAMIC_NO_PIC = NO;
				GCC_NO_COMMON_BLOCKS = YES;
				GCC_OPTIMIZATION_LEVEL = 0;
				GCC_PREPROCESSOR_DEFINITIONS = (
					"DEBUG=1",
					"$(inherited)",
				);
				GCC_WARN_64_TO_32_BIT_CONVERSION = YES;
				GCC_WARN_ABOUT_RETURN_TYPE = YES_ERROR;
				GCC_WARN_UNDECLARED_SELECTOR = YES;
				GCC_WARN_UNINITIALIZED_AUTOS = YES_AGGRESSIVE;
				GCC_WARN_UNUSED_FUNCTION = YES;
				GCC_WARN_UNUSED_VARIABLE = YES;
				IPHONEOS_DEPLOYMENT_TARGET = 14.4;
				MTL_ENABLE_DEBUG_INFO = INCLUDE_SOURCE;
				MTL_FAST_MATH = YES;
				ONLY_ACTIVE_ARCH = YES;
				SDKROOT = iphoneos;
				SWIFT_ACTIVE_COMPILATION_CONDITIONS = DEBUG;
				SWIFT_OPTIMIZATION_LEVEL = "-Onone";
			};
			name = Debug;
		};
		80F5CF7A261258C800C547B9 /* Release */ = {
			isa = XCBuildConfiguration;
			buildSettings = {
				ALWAYS_SEARCH_USER_PATHS = NO;
				CLANG_ANALYZER_NONNULL = YES;
				CLANG_ANALYZER_NUMBER_OBJECT_CONVERSION = YES_AGGRESSIVE;
				CLANG_CXX_LANGUAGE_STANDARD = "gnu++14";
				CLANG_CXX_LIBRARY = "libc++";
				CLANG_ENABLE_MODULES = YES;
				CLANG_ENABLE_OBJC_ARC = YES;
				CLANG_ENABLE_OBJC_WEAK = YES;
				CLANG_WARN_BLOCK_CAPTURE_AUTORELEASING = YES;
				CLANG_WARN_BOOL_CONVERSION = YES;
				CLANG_WARN_COMMA = YES;
				CLANG_WARN_CONSTANT_CONVERSION = YES;
				CLANG_WARN_DEPRECATED_OBJC_IMPLEMENTATIONS = YES;
				CLANG_WARN_DIRECT_OBJC_ISA_USAGE = YES_ERROR;
				CLANG_WARN_DOCUMENTATION_COMMENTS = YES;
				CLANG_WARN_EMPTY_BODY = YES;
				CLANG_WARN_ENUM_CONVERSION = YES;
				CLANG_WARN_INFINITE_RECURSION = YES;
				CLANG_WARN_INT_CONVERSION = YES;
				CLANG_WARN_NON_LITERAL_NULL_CONVERSION = YES;
				CLANG_WARN_OBJC_IMPLICIT_RETAIN_SELF = YES;
				CLANG_WARN_OBJC_LITERAL_CONVERSION = YES;
				CLANG_WARN_OBJC_ROOT_CLASS = YES_ERROR;
				CLANG_WARN_QUOTED_INCLUDE_IN_FRAMEWORK_HEADER = YES;
				CLANG_WARN_RANGE_LOOP_ANALYSIS = YES;
				CLANG_WARN_STRICT_PROTOTYPES = YES;
				CLANG_WARN_SUSPICIOUS_MOVE = YES;
				CLANG_WARN_UNGUARDED_AVAILABILITY = YES_AGGRESSIVE;
				CLANG_WARN_UNREACHABLE_CODE = YES;
				CLANG_WARN__DUPLICATE_METHOD_MATCH = YES;
				COPY_PHASE_STRIP = NO;
				DEBUG_INFORMATION_FORMAT = "dwarf-with-dsym";
				ENABLE_NS_ASSERTIONS = NO;
				ENABLE_STRICT_OBJC_MSGSEND = YES;
				GCC_C_LANGUAGE_STANDARD = gnu11;
				GCC_NO_COMMON_BLOCKS = YES;
				GCC_WARN_64_TO_32_BIT_CONVERSION = YES;
				GCC_WARN_ABOUT_RETURN_TYPE = YES_ERROR;
				GCC_WARN_UNDECLARED_SELECTOR = YES;
				GCC_WARN_UNINITIALIZED_AUTOS = YES_AGGRESSIVE;
				GCC_WARN_UNUSED_FUNCTION = YES;
				GCC_WARN_UNUSED_VARIABLE = YES;
				IPHONEOS_DEPLOYMENT_TARGET = 14.4;
				MTL_ENABLE_DEBUG_INFO = NO;
				MTL_FAST_MATH = YES;
				SDKROOT = iphoneos;
				SWIFT_COMPILATION_MODE = wholemodule;
				SWIFT_OPTIMIZATION_LEVEL = "-O";
				VALIDATE_PRODUCT = YES;
			};
			name = Release;
		};
		80F5CF7C261258C800C547B9 /* Debug */ = {
			isa = XCBuildConfiguration;
			buildSettings = {
				ASSETCATALOG_COMPILER_APPICON_NAME = AppIcon;
				ASSETCATALOG_COMPILER_GLOBAL_ACCENT_COLOR_NAME = AccentColor;
				CODE_SIGN_STYLE = Automatic;
				DEVELOPMENT_ASSET_PATHS = "\"MasterChefClass/Preview Content\"";
				DEVELOPMENT_TEAM = 898BYM6W35;
				ENABLE_PREVIEWS = YES;
				INFOPLIST_FILE = MasterChefClass/Info.plist;
				IPHONEOS_DEPLOYMENT_TARGET = 14.0;
				LD_RUNPATH_SEARCH_PATHS = (
					"$(inherited)",
					"@executable_path/Frameworks",
				);
				PRODUCT_BUNDLE_IDENTIFIER = com.rodrigoanhaia.MasterChefClass;
				PRODUCT_NAME = "$(TARGET_NAME)";
				SWIFT_VERSION = 5.0;
				TARGETED_DEVICE_FAMILY = 1;
			};
			name = Debug;
		};
		80F5CF7D261258C800C547B9 /* Release */ = {
			isa = XCBuildConfiguration;
			buildSettings = {
				ASSETCATALOG_COMPILER_APPICON_NAME = AppIcon;
				ASSETCATALOG_COMPILER_GLOBAL_ACCENT_COLOR_NAME = AccentColor;
				CODE_SIGN_STYLE = Automatic;
				DEVELOPMENT_ASSET_PATHS = "\"MasterChefClass/Preview Content\"";
				DEVELOPMENT_TEAM = 898BYM6W35;
				ENABLE_PREVIEWS = YES;
				INFOPLIST_FILE = MasterChefClass/Info.plist;
				IPHONEOS_DEPLOYMENT_TARGET = 14.0;
				LD_RUNPATH_SEARCH_PATHS = (
					"$(inherited)",
					"@executable_path/Frameworks",
				);
				PRODUCT_BUNDLE_IDENTIFIER = com.rodrigoanhaia.MasterChefClass;
				PRODUCT_NAME = "$(TARGET_NAME)";
				SWIFT_VERSION = 5.0;
				TARGETED_DEVICE_FAMILY = 1;
			};
			name = Release;
		};
/* End XCBuildConfiguration section */

/* Begin XCConfigurationList section */
		80F5CF67261258C500C547B9 /* Build configuration list for PBXProject "MasterChefClass" */ = {
			isa = XCConfigurationList;
			buildConfigurations = (
				80F5CF79261258C800C547B9 /* Debug */,
				80F5CF7A261258C800C547B9 /* Release */,
			);
			defaultConfigurationIsVisible = 0;
			defaultConfigurationName = Release;
		};
		80F5CF7B261258C800C547B9 /* Build configuration list for PBXNativeTarget "MasterChefClass" */ = {
			isa = XCConfigurationList;
			buildConfigurations = (
				80F5CF7C261258C800C547B9 /* Debug */,
				80F5CF7D261258C800C547B9 /* Release */,
			);
			defaultConfigurationIsVisible = 0;
			defaultConfigurationName = Release;
		};
/* End XCConfigurationList section */
	};
	rootObject = 80F5CF64261258C500C547B9 /* Project object */;
}
